
Microsoft Visual Studio Solution File, Format Version 12.00
# Visual Studio Version 16
VisualStudioVersion = 16.0.31702.278
MinimumVisualStudioVersion = 10.0.40219.1
Project("{9A19103F-16F7-4668-BE54-9A1E7A4F7556}") = "KRS-Gui", "KRS-Gui.csproj", "{45761D6B-E334-4485-99B0-C299DD800622}"
EndProject
Global
	GlobalSection(SolutionConfigurationPlatforms) = preSolution
		Debug|Any CPU = Debug|Any CPU
		Release|Any CPU = Release|Any CPU
	EndGlobalSection
	GlobalSection(ProjectConfigurationPlatforms) = postSolution
		{45761D6B-E334-4485-99B0-C299DD800622}.Debug|Any CPU.ActiveCfg = Debug|Any CPU
		{45761D6B-E334-4485-99B0-C299DD800622}.Debug|Any CPU.Build.0 = Debug|Any CPU
		{45761D6B-E334-4485-99B0-C299DD800622}.Release|Any CPU.ActiveCfg = Release|Any CPU
		{45761D6B-E334-4485-99B0-C299DD800622}.Release|Any CPU.Build.0 = Release|Any CPU
	EndGlobalSection
	GlobalSection(SolutionProperties) = preSolution
		HideSolutionNode = FALSE
	EndGlobalSection
	GlobalSection(ExtensibilityGlobals) = postSolution
		SolutionGuid = {75CADFA8-98F1-4823-ABC3-45DCC4E47D91}
	EndGlobalSection
EndGlobal
