
Microsoft Visual Studio Solution File, Format Version 12.00
# Visual Studio Version 16
VisualStudioVersion = 16.0.31702.278
MinimumVisualStudioVersion = 10.0.40219.1
Project("{9A19103F-16F7-4668-BE54-9A1E7A4F7556}") = "KRS-Gui", "..\KRS-Gui.csproj", "{290B4576-3B8D-4FE8-91C5-140AFF4C3A4F}"
EndProject
Global
	GlobalSection(SolutionConfigurationPlatforms) = preSolution
		Debug|Any CPU = Debug|Any CPU
		Release|Any CPU = Release|Any CPU
	EndGlobalSection
	GlobalSection(ProjectConfigurationPlatforms) = postSolution
		{290B4576-3B8D-4FE8-91C5-140AFF4C3A4F}.Debug|Any CPU.ActiveCfg = Debug|Any CPU
		{290B4576-3B8D-4FE8-91C5-140AFF4C3A4F}.Debug|Any CPU.Build.0 = Debug|Any CPU
		{290B4576-3B8D-4FE8-91C5-140AFF4C3A4F}.Release|Any CPU.ActiveCfg = Release|Any CPU
		{290B4576-3B8D-4FE8-91C5-140AFF4C3A4F}.Release|Any CPU.Build.0 = Release|Any CPU
	EndGlobalSection
	GlobalSection(SolutionProperties) = preSolution
		HideSolutionNode = FALSE
	EndGlobalSection
	GlobalSection(ExtensibilityGlobals) = postSolution
		SolutionGuid = {CCA88B9E-43BB-446E-8C58-2E050A28086C}
	EndGlobalSection
EndGlobal
